{
  "name": "final_project",
  "version": "1.0.0",
  "lockfileVersion": 3,
  "requires": true,
  "packages": {
    "": {
      "name": "final_project",
      "version": "1.0.0",
      "license": "ISC",
      "dependencies": {
        "d3-celestial": "^0.7.35"
      }
    },
    "node_modules/d3": {
      "version": "3.5.17",
      "resolved": "https://registry.npmjs.org/d3/-/d3-3.5.17.tgz",
      "integrity": "sha512-yFk/2idb8OHPKkbAL8QaOaqENNoMhIaSHZerk3oQsECwkObkCpJyjYwCe+OHiq6UEdhe1m8ZGARRRO3ljFjlKg=="
    },
    "node_modules/d3-celestial": {
      "version": "0.7.35",
      "resolved": "https://registry.npmjs.org/d3-celestial/-/d3-celestial-0.7.35.tgz",
      "integrity": "sha512-cURxIl0E+FGWnYj6gTDt80SjuiM9lklcGykj/skVy7glDg5nj/QxTUoPPArU+bpEQ+1fLy5hi920OvJ/TgliRw==",
      "dependencies": {
        "d3": "^3.5.17"
      }
    }
  }
}
